
Microsoft Visual Studio Solution File, Format Version 12.00
# Visual Studio Version 16
VisualStudioVersion = 16.0.29209.62
MinimumVisualStudioVersion = 10.0.40219.1
Project("{8BC9CEB8-8B4A-11D0-8D11-00A0C91BC942}") = "ReadExternalFile__CPP", "ReadExternalFile__CPP.vcxproj", "{94990C0A-078D-4F1D-BC24-B37B111C7AB8}"
EndProject
Global
	GlobalSection(SolutionConfigurationPlatforms) = preSolution
		Debug|x64 = Debug|x64
		Debug|x86 = Debug|x86
		Release|x64 = Release|x64
		Release|x86 = Release|x86
	EndGlobalSection
	GlobalSection(ProjectConfigurationPlatforms) = postSolution
		{94990C0A-078D-4F1D-BC24-B37B111C7AB8}.Debug|x64.ActiveCfg = Debug|x64
		{94990C0A-078D-4F1D-BC24-B37B111C7AB8}.Debug|x64.Build.0 = Debug|x64
		{94990C0A-078D-4F1D-BC24-B37B111C7AB8}.Debug|x86.ActiveCfg = Debug|Win32
		{94990C0A-078D-4F1D-BC24-B37B111C7AB8}.Debug|x86.Build.0 = Debug|Win32
		{94990C0A-078D-4F1D-BC24-B37B111C7AB8}.Release|x64.ActiveCfg = Release|x64
		{94990C0A-078D-4F1D-BC24-B37B111C7AB8}.Release|x64.Build.0 = Release|x64
		{94990C0A-078D-4F1D-BC24-B37B111C7AB8}.Release|x86.ActiveCfg = Release|Win32
		{94990C0A-078D-4F1D-BC24-B37B111C7AB8}.Release|x86.Build.0 = Release|Win32
	EndGlobalSection
	GlobalSection(SolutionProperties) = preSolution
		HideSolutionNode = FALSE
	EndGlobalSection
	GlobalSection(ExtensibilityGlobals) = postSolution
		SolutionGuid = {86EE8B9E-2F4A-4306-B7DF-615FF7C59DE2}
	EndGlobalSection
EndGlobal
